
Microsoft Visual Studio Solution File, Format Version 9.00
# Visual C# Express 2005
Project("{FAE04EC0-301F-11D3-BF4B-00C04F79EFBC}") = "DGrok.Tests", "DGrok.Tests\DGrok.Tests.csproj", "{2D898097-646E-4A26-BE9B-7FF85315F314}"
EndProject
Project("{FAE04EC0-301F-11D3-BF4B-00C04F79EFBC}") = "DGrok.Framework", "DGrok.Framework\DGrok.Framework.csproj", "{DFB43477-AB65-4108-B880-928816A347E4}"
EndProject
Project("{FAE04EC0-301F-11D3-BF4B-00C04F79EFBC}") = "DGrok.Demo", "DGrok.Demo\DGrok.Demo.csproj", "{B02AC018-AC40-4223-873D-80F631D6C33D}"
EndProject
Global
	GlobalSection(SolutionConfigurationPlatforms) = preSolution
		Debug|Any CPU = Debug|Any CPU
		Release|Any CPU = Release|Any CPU
	EndGlobalSection
	GlobalSection(ProjectConfigurationPlatforms) = postSolution
		{2D898097-646E-4A26-BE9B-7FF85315F314}.Debug|Any CPU.ActiveCfg = Debug|Any CPU
		{2D898097-646E-4A26-BE9B-7FF85315F314}.Debug|Any CPU.Build.0 = Debug|Any CPU
		{2D898097-646E-4A26-BE9B-7FF85315F314}.Release|Any CPU.ActiveCfg = Release|Any CPU
		{2D898097-646E-4A26-BE9B-7FF85315F314}.Release|Any CPU.Build.0 = Release|Any CPU
		{DFB43477-AB65-4108-B880-928816A347E4}.Debug|Any CPU.ActiveCfg = Debug|Any CPU
		{DFB43477-AB65-4108-B880-928816A347E4}.Debug|Any CPU.Build.0 = Debug|Any CPU
		{DFB43477-AB65-4108-B880-928816A347E4}.Release|Any CPU.ActiveCfg = Release|Any CPU
		{DFB43477-AB65-4108-B880-928816A347E4}.Release|Any CPU.Build.0 = Release|Any CPU
		{B02AC018-AC40-4223-873D-80F631D6C33D}.Debug|Any CPU.ActiveCfg = Debug|Any CPU
		{B02AC018-AC40-4223-873D-80F631D6C33D}.Debug|Any CPU.Build.0 = Debug|Any CPU
		{B02AC018-AC40-4223-873D-80F631D6C33D}.Release|Any CPU.ActiveCfg = Release|Any CPU
		{B02AC018-AC40-4223-873D-80F631D6C33D}.Release|Any CPU.Build.0 = Release|Any CPU
	EndGlobalSection
	GlobalSection(SolutionProperties) = preSolution
		HideSolutionNode = FALSE
	EndGlobalSection
EndGlobal
